# This file is automatically @generated by Cargo.
# It is not intended for manual editing.
version = 4

[[package]]
name = "leal-cli"
version = "0.0.0"
dependencies = [
 "leal-core",
]

[[package]]
name = "leal-core"
version = "0.0.0"

[[package]]
name = "leal-ffi"
version = "0.0.0"
dependencies = [
 "leal-core",
]
